// !$*UTF8*$!
{
	archiveVersion = 1;
	classes = {
	};
	objectVersion = 55;
	objects = {

/* Begin PBXBuildFile section */
		0E14D68D2873CACA00AE9A2B /* PrivatePublicatable.swift in Sources */ = {isa = PBXBuildFile; fileRef = 0E14D68C2873CACA00AE9A2B /* PrivatePublicatable.swift */; };
		0E14D68F2873CCA000AE9A2B /* PrivateTester.swift in Sources */ = {isa = PBXBuildFile; fileRef = 0E14D68E2873CCA000AE9A2B /* PrivateTester.swift */; };
		0E1F72D5283F5068001F8EDC /* TimelineViewSample.swift in Sources */ = {isa = PBXBuildFile; fileRef = 0E1F72D4283F5068001F8EDC /* TimelineViewSample.swift */; };
		0E3CA9C027FAED760022AC16 /* RootView.swift in Sources */ = {isa = PBXBuildFile; fileRef = 0E3CA9BD27FAED760022AC16 /* RootView.swift */; };
		0E3CA9C127FAED760022AC16 /* TabsView.swift in Sources */ = {isa = PBXBuildFile; fileRef = 0E3CA9BE27FAED760022AC16 /* TabsView.swift */; };
		0E3CA9C227FAED760022AC16 /* Tabs.swift in Sources */ = {isa = PBXBuildFile; fileRef = 0E3CA9BF27FAED760022AC16 /* Tabs.swift */; };
		0E41F4A4284ECBC10092A749 /* Transition.swift in Sources */ = {isa = PBXBuildFile; fileRef = 0E41F4A3284ECBC10092A749 /* Transition.swift */; };
		0E41F4A6284ECBE60092A749 /* FavoriteButton.swift in Sources */ = {isa = PBXBuildFile; fileRef = 0E41F4A5284ECBE60092A749 /* FavoriteButton.swift */; };
		0E46E209281F992A005D98C6 /* DribbleDesignView.swift in Sources */ = {isa = PBXBuildFile; fileRef = 0E46E208281F992A005D98C6 /* DribbleDesignView.swift */; };
		0E46E211281FC0BF005D98C6 /* InjectionObserver.swift in Sources */ = {isa = PBXBuildFile; fileRef = 0E46E210281FC0BF005D98C6 /* InjectionObserver.swift */; };
		0E46E216281FCB90005D98C6 /* POOViewModel.swift in Sources */ = {isa = PBXBuildFile; fileRef = 0E46E215281FCB90005D98C6 /* POOViewModel.swift */; };
		0E46E218281FCC4E005D98C6 /* POOContentView.swift in Sources */ = {isa = PBXBuildFile; fileRef = 0E46E217281FCC4E005D98C6 /* POOContentView.swift */; };
		0E48C7C828156A9F00EFB0E6 /* BoolPreviews.swift in Sources */ = {isa = PBXBuildFile; fileRef = 0E48C7C728156A9F00EFB0E6 /* BoolPreviews.swift */; };
		0E48C7CA28156BBF00EFB0E6 /* PreviewExampleView.swift in Sources */ = {isa = PBXBuildFile; fileRef = 0E48C7C928156BBF00EFB0E6 /* PreviewExampleView.swift */; };
		0E48C7CC28156BFE00EFB0E6 /* ColorSchemePreview.swift in Sources */ = {isa = PBXBuildFile; fileRef = 0E48C7CB28156BFE00EFB0E6 /* ColorSchemePreview.swift */; };
		0E48C7CE28156CF900EFB0E6 /* LocalizedPreview.swift in Sources */ = {isa = PBXBuildFile; fileRef = 0E48C7CD28156CF900EFB0E6 /* LocalizedPreview.swift */; };
		0E48C7D028156DAD00EFB0E6 /* OrientedPreviews.swift in Sources */ = {isa = PBXBuildFile; fileRef = 0E48C7CF28156DAD00EFB0E6 /* OrientedPreviews.swift */; };
		0E48C7D228161AE600EFB0E6 /* MultiDevicePreview.swift in Sources */ = {isa = PBXBuildFile; fileRef = 0E48C7D128161AE600EFB0E6 /* MultiDevicePreview.swift */; };
		0E48C7D528176FA000EFB0E6 /* ComputedVariableView.swift in Sources */ = {isa = PBXBuildFile; fileRef = 0E48C7D428176FA000EFB0E6 /* ComputedVariableView.swift */; };
		0E48C7D72817725400EFB0E6 /* MyToolBarView.swift in Sources */ = {isa = PBXBuildFile; fileRef = 0E48C7D62817725400EFB0E6 /* MyToolBarView.swift */; };
		0E55A0E428AE01CD0027C430 /* DocumentComment.swift in Sources */ = {isa = PBXBuildFile; fileRef = 0E55A0E328AE01CD0027C430 /* DocumentComment.swift */; };
		0E59333028064BCE0052B1D1 /* SampleUserActivityView.swift in Sources */ = {isa = PBXBuildFile; fileRef = 0E59332F28064BCE0052B1D1 /* SampleUserActivityView.swift */; };
		0E5933332806505E0052B1D1 /* SOnContinueUserActivityView.swift in Sources */ = {isa = PBXBuildFile; fileRef = 0E5933322806505E0052B1D1 /* SOnContinueUserActivityView.swift */; };
		0E5AE40827E427CC00FAC515 /* SceneStorageView.swift in Sources */ = {isa = PBXBuildFile; fileRef = 0E5AE40727E427CC00FAC515 /* SceneStorageView.swift */; };
		0E5AE40B27E4290500FAC515 /* UserActivityView.swift in Sources */ = {isa = PBXBuildFile; fileRef = 0E5AE40A27E4290500FAC515 /* UserActivityView.swift */; };
		0E6B135028B06E1D0016ADC0 /* Tracker.swift in Sources */ = {isa = PBXBuildFile; fileRef = 0E6B134F28B06E1D0016ADC0 /* Tracker.swift */; };
		0E6BAD39282CC475009B9BAF /* InOut.swift in Sources */ = {isa = PBXBuildFile; fileRef = 0E6BAD38282CC475009B9BAF /* InOut.swift */; };
		0E6BAD3D282CC824009B9BAF /* MonospacedFontView.swift in Sources */ = {isa = PBXBuildFile; fileRef = 0E6BAD3C282CC824009B9BAF /* MonospacedFontView.swift */; };
		0E73608F28B8474700F3A6E7 /* VHStack.swift in Sources */ = {isa = PBXBuildFile; fileRef = 0E73608E28B8474700F3A6E7 /* VHStack.swift */; };
		0E73609228B8490D00F3A6E7 /* UserSwiftUICellView.swift in Sources */ = {isa = PBXBuildFile; fileRef = 0E73609128B8490D00F3A6E7 /* UserSwiftUICellView.swift */; };
		0E74AC5128617F6A00EE4494 /* DebugPrinter.swift in Sources */ = {isa = PBXBuildFile; fileRef = 0E74AC5028617F6A00EE4494 /* DebugPrinter.swift */; };
		0E74AC5E2861BC1800EE4494 /* ToastBannerView.swift in Sources */ = {isa = PBXBuildFile; fileRef = 0E74AC5D2861BC1800EE4494 /* ToastBannerView.swift */; };
		0E74AC622861C22B00EE4494 /* Toast.swift in Sources */ = {isa = PBXBuildFile; fileRef = 0E74AC612861C22B00EE4494 /* Toast.swift */; };
		0E8218D227BC8B21008EFA9E /* SwiftTipsApp.swift in Sources */ = {isa = PBXBuildFile; fileRef = 0E8218D127BC8B21008EFA9E /* SwiftTipsApp.swift */; };
		0E8218D427BC8B21008EFA9E /* ContentView.swift in Sources */ = {isa = PBXBuildFile; fileRef = 0E8218D327BC8B21008EFA9E /* ContentView.swift */; };
		0E8218D627BC8B24008EFA9E /* Assets.xcassets in Resources */ = {isa = PBXBuildFile; fileRef = 0E8218D527BC8B24008EFA9E /* Assets.xcassets */; };
		0E8218D927BC8B24008EFA9E /* Preview Assets.xcassets in Resources */ = {isa = PBXBuildFile; fileRef = 0E8218D827BC8B24008EFA9E /* Preview Assets.xcassets */; };
		0E8218E127BC8B39008EFA9E /* Buttons.swift in Sources */ = {isa = PBXBuildFile; fileRef = 0E8218E027BC8B39008EFA9E /* Buttons.swift */; };
		0E8218E327BC9306008EFA9E /* GradationText.swift in Sources */ = {isa = PBXBuildFile; fileRef = 0E8218E227BC9306008EFA9E /* GradationText.swift */; };
		0E8218E527BDC539008EFA9E /* PlaceholderView.swift in Sources */ = {isa = PBXBuildFile; fileRef = 0E8218E427BDC539008EFA9E /* PlaceholderView.swift */; };
		0E8218E727BDCAC4008EFA9E /* CustomAlignmentView.swift in Sources */ = {isa = PBXBuildFile; fileRef = 0E8218E627BDCAC3008EFA9E /* CustomAlignmentView.swift */; };
		0E9174872887B81F00F52D44 /* ButtonExtension.swift in Sources */ = {isa = PBXBuildFile; fileRef = 0E9174862887B81F00F52D44 /* ButtonExtension.swift */; };
		0EA9ED1B2888DE89001F6D57 /* SortedKeyPathComparator.swift in Sources */ = {isa = PBXBuildFile; fileRef = 0EA9ED1A2888DE89001F6D57 /* SortedKeyPathComparator.swift */; };
		0ED5ABEA28AB12E000AE8E7D /* SearchableView.swift in Sources */ = {isa = PBXBuildFile; fileRef = 0ED5ABE928AB12E000AE8E7D /* SearchableView.swift */; };
		0EDD395E282A1EEE00C7D74A /* StateViewModifier.swift in Sources */ = {isa = PBXBuildFile; fileRef = 0EDD395D282A1EEE00C7D74A /* StateViewModifier.swift */; };
		0EFEC40328177A2400FE574F /* ExtractingLogicView.swift in Sources */ = {isa = PBXBuildFile; fileRef = 0EFEC40228177A2400FE574F /* ExtractingLogicView.swift */; };
		0EFEC476281A5E2E00FE574F /* View+FullScreenCover.swift in Sources */ = {isa = PBXBuildFile; fileRef = 0EFEC475281A5E2E00FE574F /* View+FullScreenCover.swift */; };
		0EFEC478281A5ECB00FE574F /* FullScreenCoverProvider.swift in Sources */ = {isa = PBXBuildFile; fileRef = 0EFEC477281A5ECB00FE574F /* FullScreenCoverProvider.swift */; };
		0EFEC47A281A5EFB00FE574F /* FullScreenCoverContextFocusedValueKey.swift in Sources */ = {isa = PBXBuildFile; fileRef = 0EFEC479281A5EFB00FE574F /* FullScreenCoverContextFocusedValueKey.swift */; };
		0EFEC47C281A5F7000FE574F /* FullScreenCoverContext.swift in Sources */ = {isa = PBXBuildFile; fileRef = 0EFEC47B281A5F7000FE574F /* FullScreenCoverContext.swift */; };
		0EFEC47F281A64C500FE574F /* UIKitLifecycle.swift in Sources */ = {isa = PBXBuildFile; fileRef = 0EFEC47E281A64C500FE574F /* UIKitLifecycle.swift */; };
		0EFEC481281A66EE00FE574F /* UIKitLifecycleView.swift in Sources */ = {isa = PBXBuildFile; fileRef = 0EFEC480281A66EE00FE574F /* UIKitLifecycleView.swift */; };
/* End PBXBuildFile section */

/* Begin PBXFileReference section */
		0E14D68C2873CACA00AE9A2B /* PrivatePublicatable.swift */ = {isa = PBXFileReference; lastKnownFileType = sourcecode.swift; path = PrivatePublicatable.swift; sourceTree = "<group>"; };
		0E14D68E2873CCA000AE9A2B /* PrivateTester.swift */ = {isa = PBXFileReference; lastKnownFileType = sourcecode.swift; path = PrivateTester.swift; sourceTree = "<group>"; };
		0E1F72D4283F5068001F8EDC /* TimelineViewSample.swift */ = {isa = PBXFileReference; lastKnownFileType = sourcecode.swift; path = TimelineViewSample.swift; sourceTree = "<group>"; };
		0E3CA9BD27FAED760022AC16 /* RootView.swift */ = {isa = PBXFileReference; fileEncoding = 4; lastKnownFileType = sourcecode.swift; path = RootView.swift; sourceTree = "<group>"; };
		0E3CA9BE27FAED760022AC16 /* TabsView.swift */ = {isa = PBXFileReference; fileEncoding = 4; lastKnownFileType = sourcecode.swift; path = TabsView.swift; sourceTree = "<group>"; };
		0E3CA9BF27FAED760022AC16 /* Tabs.swift */ = {isa = PBXFileReference; fileEncoding = 4; lastKnownFileType = sourcecode.swift; path = Tabs.swift; sourceTree = "<group>"; };
		0E41F4A3284ECBC10092A749 /* Transition.swift */ = {isa = PBXFileReference; lastKnownFileType = sourcecode.swift; path = Transition.swift; sourceTree = "<group>"; };
		0E41F4A5284ECBE60092A749 /* FavoriteButton.swift */ = {isa = PBXFileReference; lastKnownFileType = sourcecode.swift; path = FavoriteButton.swift; sourceTree = "<group>"; };
		0E46E208281F992A005D98C6 /* DribbleDesignView.swift */ = {isa = PBXFileReference; lastKnownFileType = sourcecode.swift; path = DribbleDesignView.swift; sourceTree = "<group>"; };
		0E46E20E281FC01E005D98C6 /* README.md */ = {isa = PBXFileReference; lastKnownFileType = net.daringfireball.markdown; path = README.md; sourceTree = "<group>"; };
		0E46E210281FC0BF005D98C6 /* InjectionObserver.swift */ = {isa = PBXFileReference; lastKnownFileType = sourcecode.swift; path = InjectionObserver.swift; sourceTree = "<group>"; };
		0E46E215281FCB90005D98C6 /* POOViewModel.swift */ = {isa = PBXFileReference; lastKnownFileType = sourcecode.swift; path = POOViewModel.swift; sourceTree = "<group>"; };
		0E46E217281FCC4E005D98C6 /* POOContentView.swift */ = {isa = PBXFileReference; lastKnownFileType = sourcecode.swift; path = POOContentView.swift; sourceTree = "<group>"; };
		0E48C7C728156A9F00EFB0E6 /* BoolPreviews.swift */ = {isa = PBXFileReference; lastKnownFileType = sourcecode.swift; path = BoolPreviews.swift; sourceTree = "<group>"; };
		0E48C7C928156BBF00EFB0E6 /* PreviewExampleView.swift */ = {isa = PBXFileReference; lastKnownFileType = sourcecode.swift; path = PreviewExampleView.swift; sourceTree = "<group>"; };
		0E48C7CB28156BFE00EFB0E6 /* ColorSchemePreview.swift */ = {isa = PBXFileReference; lastKnownFileType = sourcecode.swift; path = ColorSchemePreview.swift; sourceTree = "<group>"; };
		0E48C7CD28156CF900EFB0E6 /* LocalizedPreview.swift */ = {isa = PBXFileReference; lastKnownFileType = sourcecode.swift; path = LocalizedPreview.swift; sourceTree = "<group>"; };
		0E48C7CF28156DAD00EFB0E6 /* OrientedPreviews.swift */ = {isa = PBXFileReference; lastKnownFileType = sourcecode.swift; path = OrientedPreviews.swift; sourceTree = "<group>"; };
		0E48C7D128161AE600EFB0E6 /* MultiDevicePreview.swift */ = {isa = PBXFileReference; lastKnownFileType = sourcecode.swift; path = MultiDevicePreview.swift; sourceTree = "<group>"; };
		0E48C7D428176FA000EFB0E6 /* ComputedVariableView.swift */ = {isa = PBXFileReference; lastKnownFileType = sourcecode.swift; path = ComputedVariableView.swift; sourceTree = "<group>"; };
		0E48C7D62817725400EFB0E6 /* MyToolBarView.swift */ = {isa = PBXFileReference; lastKnownFileType = sourcecode.swift; path = MyToolBarView.swift; sourceTree = "<group>"; };
		0E55A0E328AE01CD0027C430 /* DocumentComment.swift */ = {isa = PBXFileReference; lastKnownFileType = sourcecode.swift; path = DocumentComment.swift; sourceTree = "<group>"; };
		0E59332F28064BCE0052B1D1 /* SampleUserActivityView.swift */ = {isa = PBXFileReference; lastKnownFileType = sourcecode.swift; path = SampleUserActivityView.swift; sourceTree = "<group>"; };
		0E5933322806505E0052B1D1 /* SOnContinueUserActivityView.swift */ = {isa = PBXFileReference; lastKnownFileType = sourcecode.swift; path = SOnContinueUserActivityView.swift; sourceTree = "<group>"; };
		0E5AE40727E427CC00FAC515 /* SceneStorageView.swift */ = {isa = PBXFileReference; lastKnownFileType = sourcecode.swift; path = SceneStorageView.swift; sourceTree = "<group>"; };
		0E5AE40A27E4290500FAC515 /* UserActivityView.swift */ = {isa = PBXFileReference; lastKnownFileType = sourcecode.swift; path = UserActivityView.swift; sourceTree = "<group>"; };
		0E6B134F28B06E1D0016ADC0 /* Tracker.swift */ = {isa = PBXFileReference; lastKnownFileType = sourcecode.swift; path = Tracker.swift; sourceTree = "<group>"; };
		0E6BAD38282CC475009B9BAF /* InOut.swift */ = {isa = PBXFileReference; lastKnownFileType = sourcecode.swift; path = InOut.swift; sourceTree = "<group>"; };
		0E6BAD3C282CC824009B9BAF /* MonospacedFontView.swift */ = {isa = PBXFileReference; lastKnownFileType = sourcecode.swift; path = MonospacedFontView.swift; sourceTree = "<group>"; };
		0E73608E28B8474700F3A6E7 /* VHStack.swift */ = {isa = PBXFileReference; lastKnownFileType = sourcecode.swift; path = VHStack.swift; sourceTree = "<group>"; };
		0E73609128B8490D00F3A6E7 /* UserSwiftUICellView.swift */ = {isa = PBXFileReference; lastKnownFileType = sourcecode.swift; path = UserSwiftUICellView.swift; sourceTree = "<group>"; };
		0E74AC5028617F6A00EE4494 /* DebugPrinter.swift */ = {isa = PBXFileReference; lastKnownFileType = sourcecode.swift; path = DebugPrinter.swift; sourceTree = "<group>"; };
		0E74AC5D2861BC1800EE4494 /* ToastBannerView.swift */ = {isa = PBXFileReference; lastKnownFileType = sourcecode.swift; path = ToastBannerView.swift; sourceTree = "<group>"; };
		0E74AC612861C22B00EE4494 /* Toast.swift */ = {isa = PBXFileReference; lastKnownFileType = sourcecode.swift; path = Toast.swift; sourceTree = "<group>"; };
		0E8218CE27BC8B21008EFA9E /* SwiftTips.app */ = {isa = PBXFileReference; explicitFileType = wrapper.application; includeInIndex = 0; path = SwiftTips.app; sourceTree = BUILT_PRODUCTS_DIR; };
		0E8218D127BC8B21008EFA9E /* SwiftTipsApp.swift */ = {isa = PBXFileReference; lastKnownFileType = sourcecode.swift; path = SwiftTipsApp.swift; sourceTree = "<group>"; };
		0E8218D327BC8B21008EFA9E /* ContentView.swift */ = {isa = PBXFileReference; lastKnownFileType = sourcecode.swift; path = ContentView.swift; sourceTree = "<group>"; };
		0E8218D527BC8B24008EFA9E /* Assets.xcassets */ = {isa = PBXFileReference; lastKnownFileType = folder.assetcatalog; path = Assets.xcassets; sourceTree = "<group>"; };
		0E8218D827BC8B24008EFA9E /* Preview Assets.xcassets */ = {isa = PBXFileReference; lastKnownFileType = folder.assetcatalog; path = "Preview Assets.xcassets"; sourceTree = "<group>"; };
		0E8218E027BC8B39008EFA9E /* Buttons.swift */ = {isa = PBXFileReference; lastKnownFileType = sourcecode.swift; path = Buttons.swift; sourceTree = "<group>"; };
		0E8218E227BC9306008EFA9E /* GradationText.swift */ = {isa = PBXFileReference; lastKnownFileType = sourcecode.swift; path = GradationText.swift; sourceTree = "<group>"; };
		0E8218E427BDC539008EFA9E /* PlaceholderView.swift */ = {isa = PBXFileReference; lastKnownFileType = sourcecode.swift; path = PlaceholderView.swift; sourceTree = "<group>"; };
		0E8218E627BDCAC3008EFA9E /* CustomAlignmentView.swift */ = {isa = PBXFileReference; lastKnownFileType = sourcecode.swift; path = CustomAlignmentView.swift; sourceTree = "<group>"; };
		0E9174862887B81F00F52D44 /* ButtonExtension.swift */ = {isa = PBXFileReference; lastKnownFileType = sourcecode.swift; path = ButtonExtension.swift; sourceTree = "<group>"; };
		0EA9ED1A2888DE89001F6D57 /* SortedKeyPathComparator.swift */ = {isa = PBXFileReference; lastKnownFileType = sourcecode.swift; path = SortedKeyPathComparator.swift; sourceTree = "<group>"; };
		0ED5ABE928AB12E000AE8E7D /* SearchableView.swift */ = {isa = PBXFileReference; lastKnownFileType = sourcecode.swift; path = SearchableView.swift; sourceTree = "<group>"; };
		0EDD395D282A1EEE00C7D74A /* StateViewModifier.swift */ = {isa = PBXFileReference; lastKnownFileType = sourcecode.swift; path = StateViewModifier.swift; sourceTree = "<group>"; };
		0EFEC40228177A2400FE574F /* ExtractingLogicView.swift */ = {isa = PBXFileReference; lastKnownFileType = sourcecode.swift; path = ExtractingLogicView.swift; sourceTree = "<group>"; };
		0EFEC475281A5E2E00FE574F /* View+FullScreenCover.swift */ = {isa = PBXFileReference; lastKnownFileType = sourcecode.swift; path = "View+FullScreenCover.swift"; sourceTree = "<group>"; };
		0EFEC477281A5ECB00FE574F /* FullScreenCoverProvider.swift */ = {isa = PBXFileReference; lastKnownFileType = sourcecode.swift; path = FullScreenCoverProvider.swift; sourceTree = "<group>"; };
		0EFEC479281A5EFB00FE574F /* FullScreenCoverContextFocusedValueKey.swift */ = {isa = PBXFileReference; lastKnownFileType = sourcecode.swift; path = FullScreenCoverContextFocusedValueKey.swift; sourceTree = "<group>"; };
		0EFEC47B281A5F7000FE574F /* FullScreenCoverContext.swift */ = {isa = PBXFileReference; lastKnownFileType = sourcecode.swift; path = FullScreenCoverContext.swift; sourceTree = "<group>"; };
		0EFEC47E281A64C500FE574F /* UIKitLifecycle.swift */ = {isa = PBXFileReference; lastKnownFileType = sourcecode.swift; path = UIKitLifecycle.swift; sourceTree = "<group>"; };
		0EFEC480281A66EE00FE574F /* UIKitLifecycleView.swift */ = {isa = PBXFileReference; lastKnownFileType = sourcecode.swift; path = UIKitLifecycleView.swift; sourceTree = "<group>"; };
/* End PBXFileReference section */

/* Begin PBXFrameworksBuildPhase section */
		0E8218CB27BC8B21008EFA9E /* Frameworks */ = {
			isa = PBXFrameworksBuildPhase;
			buildActionMask = 2147483647;
			files = (
			);
			runOnlyForDeploymentPostprocessing = 0;
		};
/* End PBXFrameworksBuildPhase section */

/* Begin PBXGroup section */
		0E1F72D3283F505A001F8EDC /* TimelineView */ = {
			isa = PBXGroup;
			children = (
				0E1F72D4283F5068001F8EDC /* TimelineViewSample.swift */,
			);
			path = TimelineView;
			sourceTree = "<group>";
		};
		0E3CA9BC27FAED5C0022AC16 /* Tabs */ = {
			isa = PBXGroup;
			children = (
				0E3CA9BE27FAED760022AC16 /* TabsView.swift */,
				0E3CA9BD27FAED760022AC16 /* RootView.swift */,
				0E3CA9BF27FAED760022AC16 /* Tabs.swift */,
			);
			path = Tabs;
			sourceTree = "<group>";
		};
		0E41F4A2284ECBB40092A749 /* Animation */ = {
			isa = PBXGroup;
			children = (
				0E41F4A3284ECBC10092A749 /* Transition.swift */,
				0E41F4A5284ECBE60092A749 /* FavoriteButton.swift */,
			);
			path = Animation;
			sourceTree = "<group>";
		};
		0E46E207281F990F005D98C6 /* DribleDesign */ = {
			isa = PBXGroup;
			children = (
				0E46E208281F992A005D98C6 /* DribbleDesignView.swift */,
			);
			path = DribleDesign;
			sourceTree = "<group>";
		};
		0E46E20D281FC00E005D98C6 /* HotReloading */ = {
			isa = PBXGroup;
			children = (
				0E46E20E281FC01E005D98C6 /* README.md */,
				0E46E210281FC0BF005D98C6 /* InjectionObserver.swift */,
			);
			path = HotReloading;
			sourceTree = "<group>";
		};
		0E46E213281FCB68005D98C6 /* Tips */ = {
			isa = PBXGroup;
			children = (
				0EA9ED192888DE6C001F6D57 /* Sort */,
				0E46E214281FCB6F005D98C6 /* ProtocolObservableObject */,
				0E6BAD38282CC475009B9BAF /* InOut.swift */,
				0E55A0E328AE01CD0027C430 /* DocumentComment.swift */,
				0E6B134F28B06E1D0016ADC0 /* Tracker.swift */,
			);
			path = Tips;
			sourceTree = "<group>";
		};
		0E46E214281FCB6F005D98C6 /* ProtocolObservableObject */ = {
			isa = PBXGroup;
			children = (
				0E46E215281FCB90005D98C6 /* POOViewModel.swift */,
				0E46E217281FCC4E005D98C6 /* POOContentView.swift */,
			);
			path = ProtocolObservableObject;
			sourceTree = "<group>";
		};
		0E48C7C428154EB500EFB0E6 /* Previews */ = {
			isa = PBXGroup;
			children = (
				0E48C7C928156BBF00EFB0E6 /* PreviewExampleView.swift */,
				0E48C7C728156A9F00EFB0E6 /* BoolPreviews.swift */,
				0E48C7CB28156BFE00EFB0E6 /* ColorSchemePreview.swift */,
				0E48C7CD28156CF900EFB0E6 /* LocalizedPreview.swift */,
				0E48C7CF28156DAD00EFB0E6 /* OrientedPreviews.swift */,
				0E48C7D128161AE600EFB0E6 /* MultiDevicePreview.swift */,
			);
			path = Previews;
			sourceTree = "<group>";
		};
		0E48C7D328176F8D00EFB0E6 /* TIps */ = {
			isa = PBXGroup;
			children = (
				0E48C7D428176FA000EFB0E6 /* ComputedVariableView.swift */,
				0E48C7D62817725400EFB0E6 /* MyToolBarView.swift */,
				0EFEC40228177A2400FE574F /* ExtractingLogicView.swift */,
			);
			path = TIps;
			sourceTree = "<group>";
		};
		0E593331280650380052B1D1 /* UserActivity */ = {
			isa = PBXGroup;
			children = (
				0E59332F28064BCE0052B1D1 /* SampleUserActivityView.swift */,
				0E5933322806505E0052B1D1 /* SOnContinueUserActivityView.swift */,
			);
			path = UserActivity;
			sourceTree = "<group>";
		};
		0E5AE40927E428F200FAC515 /* SceneStorage */ = {
			isa = PBXGroup;
			children = (
				0E5AE40727E427CC00FAC515 /* SceneStorageView.swift */,
				0E5AE40A27E4290500FAC515 /* UserActivityView.swift */,
			);
			path = SceneStorage;
			sourceTree = "<group>";
		};
		0E73608D28B8473300F3A6E7 /* ViewHelper */ = {
			isa = PBXGroup;
			children = (
				0E73608E28B8474700F3A6E7 /* VHStack.swift */,
			);
			path = ViewHelper;
			sourceTree = "<group>";
		};
		0E73609028B848EF00F3A6E7 /* SwiftUICellUseTableView */ = {
			isa = PBXGroup;
			children = (
				0E73609128B8490D00F3A6E7 /* UserSwiftUICellView.swift */,
			);
			path = SwiftUICellUseTableView;
			sourceTree = "<group>";
		};
		0E74AC4F28617F5A00EE4494 /* Debug */ = {
			isa = PBXGroup;
			children = (
				0E74AC5028617F6A00EE4494 /* DebugPrinter.swift */,
				0E14D68C2873CACA00AE9A2B /* PrivatePublicatable.swift */,
				0E14D68E2873CCA000AE9A2B /* PrivateTester.swift */,
			);
			path = Debug;
			sourceTree = "<group>";
		};
		0E74AC5C2861BC0200EE4494 /* Toast */ = {
			isa = PBXGroup;
			children = (
				0E74AC5D2861BC1800EE4494 /* ToastBannerView.swift */,
				0E74AC612861C22B00EE4494 /* Toast.swift */,
			);
			path = Toast;
			sourceTree = "<group>";
		};
		0E8218C527BC8B21008EFA9E = {
			isa = PBXGroup;
			children = (
				0E8218D027BC8B21008EFA9E /* SwiftTips */,
				0E8218CF27BC8B21008EFA9E /* Products */,
			);
			sourceTree = "<group>";
		};
		0E8218CF27BC8B21008EFA9E /* Products */ = {
			isa = PBXGroup;
			children = (
				0E8218CE27BC8B21008EFA9E /* SwiftTips.app */,
			);
			name = Products;
			sourceTree = "<group>";
		};
		0E8218D027BC8B21008EFA9E /* SwiftTips */ = {
			isa = PBXGroup;
			children = (
				0E8218D127BC8B21008EFA9E /* SwiftTipsApp.swift */,
				0E8218D327BC8B21008EFA9E /* ContentView.swift */,
				0E74AC4F28617F5A00EE4494 /* Debug */,
				0E46E213281FCB68005D98C6 /* Tips */,
				0E46E20D281FC00E005D98C6 /* HotReloading */,
				0E8218DF27BC8B2D008EFA9E /* UI */,
				0E8218D527BC8B24008EFA9E /* Assets.xcassets */,
				0E8218D727BC8B24008EFA9E /* Preview Content */,
			);
			path = SwiftTips;
			sourceTree = "<group>";
		};
		0E8218D727BC8B24008EFA9E /* Preview Content */ = {
			isa = PBXGroup;
			children = (
				0E8218D827BC8B24008EFA9E /* Preview Assets.xcassets */,
			);
			path = "Preview Content";
			sourceTree = "<group>";
		};
		0E8218DF27BC8B2D008EFA9E /* UI */ = {
			isa = PBXGroup;
			children = (
				0E73609028B848EF00F3A6E7 /* SwiftUICellUseTableView */,
				0E73608D28B8473300F3A6E7 /* ViewHelper */,
				0ED5ABE828AB12CF00AE8E7D /* SearchBar */,
				0E9174852887B81000F52D44 /* ButtonExtension */,
				0E74AC5C2861BC0200EE4494 /* Toast */,
				0E41F4A2284ECBB40092A749 /* Animation */,
				0E1F72D3283F505A001F8EDC /* TimelineView */,
				0EDD395C282A1ED700C7D74A /* ViewModifier */,
				0E46E207281F990F005D98C6 /* DribleDesign */,
				0EFEC47D281A649C00FE574F /* UIKitLifecycle */,
				0EFEC474281A5E0500FE574F /* Full Screen Cover */,
				0E48C7D328176F8D00EFB0E6 /* TIps */,
				0E48C7C428154EB500EFB0E6 /* Previews */,
				0E3CA9BC27FAED5C0022AC16 /* Tabs */,
				0E8218E027BC8B39008EFA9E /* Buttons.swift */,
				0E8218E227BC9306008EFA9E /* GradationText.swift */,
				0E8218E427BDC539008EFA9E /* PlaceholderView.swift */,
				0E8218E627BDCAC3008EFA9E /* CustomAlignmentView.swift */,
				0EFEC480281A66EE00FE574F /* UIKitLifecycleView.swift */,
				0E593331280650380052B1D1 /* UserActivity */,
				0E5AE40927E428F200FAC515 /* SceneStorage */,
				0E6BAD3C282CC824009B9BAF /* MonospacedFontView.swift */,
			);
			path = UI;
			sourceTree = "<group>";
		};
		0E9174852887B81000F52D44 /* ButtonExtension */ = {
			isa = PBXGroup;
			children = (
				0E9174862887B81F00F52D44 /* ButtonExtension.swift */,
			);
			path = ButtonExtension;
			sourceTree = "<group>";
		};
		0EA9ED192888DE6C001F6D57 /* Sort */ = {
			isa = PBXGroup;
			children = (
				0EA9ED1A2888DE89001F6D57 /* SortedKeyPathComparator.swift */,
			);
			path = Sort;
			sourceTree = "<group>";
		};
		0ED5ABE828AB12CF00AE8E7D /* SearchBar */ = {
			isa = PBXGroup;
			children = (
				0ED5ABE928AB12E000AE8E7D /* SearchableView.swift */,
			);
			path = SearchBar;
			sourceTree = "<group>";
		};
		0EDD395C282A1ED700C7D74A /* ViewModifier */ = {
			isa = PBXGroup;
			children = (
				0EDD395D282A1EEE00C7D74A /* StateViewModifier.swift */,
			);
			path = ViewModifier;
			sourceTree = "<group>";
		};
		0EFEC474281A5E0500FE574F /* Full Screen Cover */ = {
			isa = PBXGroup;
			children = (
				0EFEC475281A5E2E00FE574F /* View+FullScreenCover.swift */,
				0EFEC477281A5ECB00FE574F /* FullScreenCoverProvider.swift */,
				0EFEC479281A5EFB00FE574F /* FullScreenCoverContextFocusedValueKey.swift */,
				0EFEC47B281A5F7000FE574F /* FullScreenCoverContext.swift */,
			);
			path = "Full Screen Cover";
			sourceTree = "<group>";
		};
		0EFEC47D281A649C00FE574F /* UIKitLifecycle */ = {
			isa = PBXGroup;
			children = (
				0EFEC47E281A64C500FE574F /* UIKitLifecycle.swift */,
			);
			path = UIKitLifecycle;
			sourceTree = "<group>";
		};
/* End PBXGroup section */

/* Begin PBXNativeTarget section */
		0E8218CD27BC8B21008EFA9E /* SwiftTips */ = {
			isa = PBXNativeTarget;
			buildConfigurationList = 0E8218DC27BC8B24008EFA9E /* Build configuration list for PBXNativeTarget "SwiftTips" */;
			buildPhases = (
				0E8218CA27BC8B21008EFA9E /* Sources */,
				0E8218CB27BC8B21008EFA9E /* Frameworks */,
				0E8218CC27BC8B21008EFA9E /* Resources */,
			);
			buildRules = (
			);
			dependencies = (
			);
			name = SwiftTips;
			packageProductDependencies = (
			);
			productName = SwiftTips;
			productReference = 0E8218CE27BC8B21008EFA9E /* SwiftTips.app */;
			productType = "com.apple.product-type.application";
		};
/* End PBXNativeTarget section */

/* Begin PBXProject section */
		0E8218C627BC8B21008EFA9E /* Project object */ = {
			isa = PBXProject;
			attributes = {
				BuildIndependentTargetsInParallel = 1;
				LastSwiftUpdateCheck = 1320;
				LastUpgradeCheck = 1320;
				TargetAttributes = {
					0E8218CD27BC8B21008EFA9E = {
						CreatedOnToolsVersion = 13.2.1;
					};
				};
			};
			buildConfigurationList = 0E8218C927BC8B21008EFA9E /* Build configuration list for PBXProject "SwiftTips" */;
			compatibilityVersion = "Xcode 13.0";
			developmentRegion = en;
			hasScannedForEncodings = 0;
			knownRegions = (
				en,
				Base,
			);
			mainGroup = 0E8218C527BC8B21008EFA9E;
			packageReferences = (
			);
			productRefGroup = 0E8218CF27BC8B21008EFA9E /* Products */;
			projectDirPath = "";
			projectRoot = "";
			targets = (
				0E8218CD27BC8B21008EFA9E /* SwiftTips */,
			);
		};
/* End PBXProject section */

/* Begin PBXResourcesBuildPhase section */
		0E8218CC27BC8B21008EFA9E /* Resources */ = {
			isa = PBXResourcesBuildPhase;
			buildActionMask = 2147483647;
			files = (
				0E8218D927BC8B24008EFA9E /* Preview Assets.xcassets in Resources */,
				0E8218D627BC8B24008EFA9E /* Assets.xcassets in Resources */,
			);
			runOnlyForDeploymentPostprocessing = 0;
		};
/* End PBXResourcesBuildPhase section */

/* Begin PBXSourcesBuildPhase section */
		0E8218CA27BC8B21008EFA9E /* Sources */ = {
			isa = PBXSourcesBuildPhase;
			buildActionMask = 2147483647;
			files = (
				0E48C7C828156A9F00EFB0E6 /* BoolPreviews.swift in Sources */,
				0E41F4A6284ECBE60092A749 /* FavoriteButton.swift in Sources */,
				0E5AE40B27E4290500FAC515 /* UserActivityView.swift in Sources */,
				0E14D68D2873CACA00AE9A2B /* PrivatePublicatable.swift in Sources */,
				0EFEC47C281A5F7000FE574F /* FullScreenCoverContext.swift in Sources */,
				0E73609228B8490D00F3A6E7 /* UserSwiftUICellView.swift in Sources */,
				0E74AC5E2861BC1800EE4494 /* ToastBannerView.swift in Sources */,
				0E8218E327BC9306008EFA9E /* GradationText.swift in Sources */,
				0EA9ED1B2888DE89001F6D57 /* SortedKeyPathComparator.swift in Sources */,
				0E48C7D028156DAD00EFB0E6 /* OrientedPreviews.swift in Sources */,
				0EFEC47A281A5EFB00FE574F /* FullScreenCoverContextFocusedValueKey.swift in Sources */,
				0EFEC47F281A64C500FE574F /* UIKitLifecycle.swift in Sources */,
				0E41F4A4284ECBC10092A749 /* Transition.swift in Sources */,
				0E6BAD39282CC475009B9BAF /* InOut.swift in Sources */,
				0E48C7D228161AE600EFB0E6 /* MultiDevicePreview.swift in Sources */,
				0EFEC481281A66EE00FE574F /* UIKitLifecycleView.swift in Sources */,
				0E74AC5128617F6A00EE4494 /* DebugPrinter.swift in Sources */,
				0E8218E127BC8B39008EFA9E /* Buttons.swift in Sources */,
				0E46E216281FCB90005D98C6 /* POOViewModel.swift in Sources */,
				0EFEC40328177A2400FE574F /* ExtractingLogicView.swift in Sources */,
				0E74AC622861C22B00EE4494 /* Toast.swift in Sources */,
				0E59333028064BCE0052B1D1 /* SampleUserActivityView.swift in Sources */,
				0E8218D427BC8B21008EFA9E /* ContentView.swift in Sources */,
				0E3CA9C227FAED760022AC16 /* Tabs.swift in Sources */,
				0E8218E727BDCAC4008EFA9E /* CustomAlignmentView.swift in Sources */,
				0E48C7CE28156CF900EFB0E6 /* LocalizedPreview.swift in Sources */,
				0E3CA9C027FAED760022AC16 /* RootView.swift in Sources */,
				0E1F72D5283F5068001F8EDC /* TimelineViewSample.swift in Sources */,
				0EFEC478281A5ECB00FE574F /* FullScreenCoverProvider.swift in Sources */,
				0E73608F28B8474700F3A6E7 /* VHStack.swift in Sources */,
				0E46E218281FCC4E005D98C6 /* POOContentView.swift in Sources */,
				0E14D68F2873CCA000AE9A2B /* PrivateTester.swift in Sources */,
				0EDD395E282A1EEE00C7D74A /* StateViewModifier.swift in Sources */,
				0E5933332806505E0052B1D1 /* SOnContinueUserActivityView.swift in Sources */,
				0ED5ABEA28AB12E000AE8E7D /* SearchableView.swift in Sources */,
				0E48C7D528176FA000EFB0E6 /* ComputedVariableView.swift in Sources */,
				0E3CA9C127FAED760022AC16 /* TabsView.swift in Sources */,
				0E9174872887B81F00F52D44 /* ButtonExtension.swift in Sources */,
				0E6B135028B06E1D0016ADC0 /* Tracker.swift in Sources */,
				0E8218E527BDC539008EFA9E /* PlaceholderView.swift in Sources */,
				0E48C7CA28156BBF00EFB0E6 /* PreviewExampleView.swift in Sources */,
				0E6BAD3D282CC824009B9BAF /* MonospacedFontView.swift in Sources */,
				0E8218D227BC8B21008EFA9E /* SwiftTipsApp.swift in Sources */,
				0E46E209281F992A005D98C6 /* DribbleDesignView.swift in Sources */,
				0EFEC476281A5E2E00FE574F /* View+FullScreenCover.swift in Sources */,
				0E55A0E428AE01CD0027C430 /* DocumentComment.swift in Sources */,
				0E5AE40827E427CC00FAC515 /* SceneStorageView.swift in Sources */,
				0E46E211281FC0BF005D98C6 /* InjectionObserver.swift in Sources */,
				0E48C7CC28156BFE00EFB0E6 /* ColorSchemePreview.swift in Sources */,
				0E48C7D72817725400EFB0E6 /* MyToolBarView.swift in Sources */,
			);
			runOnlyForDeploymentPostprocessing = 0;
		};
/* End PBXSourcesBuildPhase section */

/* Begin XCBuildConfiguration section */
		0E8218DA27BC8B24008EFA9E /* Debug */ = {
			isa = XCBuildConfiguration;
			buildSettings = {
				ALWAYS_SEARCH_USER_PATHS = NO;
				CLANG_ANALYZER_NONNULL = YES;
				CLANG_ANALYZER_NUMBER_OBJECT_CONVERSION = YES_AGGRESSIVE;
				CLANG_CXX_LANGUAGE_STANDARD = "gnu++17";
				CLANG_CXX_LIBRARY = "libc++";
				CLANG_ENABLE_MODULES = YES;
				CLANG_ENABLE_OBJC_ARC = YES;
				CLANG_ENABLE_OBJC_WEAK = YES;
				CLANG_WARN_BLOCK_CAPTURE_AUTORELEASING = YES;
				CLANG_WARN_BOOL_CONVERSION = YES;
				CLANG_WARN_COMMA = YES;
				CLANG_WARN_CONSTANT_CONVERSION = YES;
				CLANG_WARN_DEPRECATED_OBJC_IMPLEMENTATIONS = YES;
				CLANG_WARN_DIRECT_OBJC_ISA_USAGE = YES_ERROR;
				CLANG_WARN_DOCUMENTATION_COMMENTS = YES;
				CLANG_WARN_EMPTY_BODY = YES;
				CLANG_WARN_ENUM_CONVERSION = YES;
				CLANG_WARN_INFINITE_RECURSION = YES;
				CLANG_WARN_INT_CONVERSION = YES;
				CLANG_WARN_NON_LITERAL_NULL_CONVERSION = YES;
				CLANG_WARN_OBJC_IMPLICIT_RETAIN_SELF = YES;
				CLANG_WARN_OBJC_LITERAL_CONVERSION = YES;
				CLANG_WARN_OBJC_ROOT_CLASS = YES_ERROR;
				CLANG_WARN_QUOTED_INCLUDE_IN_FRAMEWORK_HEADER = YES;
				CLANG_WARN_RANGE_LOOP_ANALYSIS = YES;
				CLANG_WARN_STRICT_PROTOTYPES = YES;
				CLANG_WARN_SUSPICIOUS_MOVE = YES;
				CLANG_WARN_UNGUARDED_AVAILABILITY = YES_AGGRESSIVE;
				CLANG_WARN_UNREACHABLE_CODE = YES;
				CLANG_WARN__DUPLICATE_METHOD_MATCH = YES;
				COPY_PHASE_STRIP = NO;
				DEBUG_INFORMATION_FORMAT = dwarf;
				ENABLE_STRICT_OBJC_MSGSEND = YES;
				ENABLE_TESTABILITY = YES;
				GCC_C_LANGUAGE_STANDARD = gnu11;
				GCC_DYNAMIC_NO_PIC = NO;
				GCC_NO_COMMON_BLOCKS = YES;
				GCC_OPTIMIZATION_LEVEL = 0;
				GCC_PREPROCESSOR_DEFINITIONS = (
					"DEBUG=1",
					"$(inherited)",
				);
				GCC_WARN_64_TO_32_BIT_CONVERSION = YES;
				GCC_WARN_ABOUT_RETURN_TYPE = YES_ERROR;
				GCC_WARN_UNDECLARED_SELECTOR = YES;
				GCC_WARN_UNINITIALIZED_AUTOS = YES_AGGRESSIVE;
				GCC_WARN_UNUSED_FUNCTION = YES;
				GCC_WARN_UNUSED_VARIABLE = YES;
				IPHONEOS_DEPLOYMENT_TARGET = 15.2;
				MTL_ENABLE_DEBUG_INFO = INCLUDE_SOURCE;
				MTL_FAST_MATH = YES;
				ONLY_ACTIVE_ARCH = YES;
				SDKROOT = iphoneos;
				SWIFT_ACTIVE_COMPILATION_CONDITIONS = DEBUG;
				SWIFT_OPTIMIZATION_LEVEL = "-Onone";
			};
			name = Debug;
		};
		0E8218DB27BC8B24008EFA9E /* Release */ = {
			isa = XCBuildConfiguration;
			buildSettings = {
				ALWAYS_SEARCH_USER_PATHS = NO;
				CLANG_ANALYZER_NONNULL = YES;
				CLANG_ANALYZER_NUMBER_OBJECT_CONVERSION = YES_AGGRESSIVE;
				CLANG_CXX_LANGUAGE_STANDARD = "gnu++17";
				CLANG_CXX_LIBRARY = "libc++";
				CLANG_ENABLE_MODULES = YES;
				CLANG_ENABLE_OBJC_ARC = YES;
				CLANG_ENABLE_OBJC_WEAK = YES;
				CLANG_WARN_BLOCK_CAPTURE_AUTORELEASING = YES;
				CLANG_WARN_BOOL_CONVERSION = YES;
				CLANG_WARN_COMMA = YES;
				CLANG_WARN_CONSTANT_CONVERSION = YES;
				CLANG_WARN_DEPRECATED_OBJC_IMPLEMENTATIONS = YES;
				CLANG_WARN_DIRECT_OBJC_ISA_USAGE = YES_ERROR;
				CLANG_WARN_DOCUMENTATION_COMMENTS = YES;
				CLANG_WARN_EMPTY_BODY = YES;
				CLANG_WARN_ENUM_CONVERSION = YES;
				CLANG_WARN_INFINITE_RECURSION = YES;
				CLANG_WARN_INT_CONVERSION = YES;
				CLANG_WARN_NON_LITERAL_NULL_CONVERSION = YES;
				CLANG_WARN_OBJC_IMPLICIT_RETAIN_SELF = YES;
				CLANG_WARN_OBJC_LITERAL_CONVERSION = YES;
				CLANG_WARN_OBJC_ROOT_CLASS = YES_ERROR;
				CLANG_WARN_QUOTED_INCLUDE_IN_FRAMEWORK_HEADER = YES;
				CLANG_WARN_RANGE_LOOP_ANALYSIS = YES;
				CLANG_WARN_STRICT_PROTOTYPES = YES;
				CLANG_WARN_SUSPICIOUS_MOVE = YES;
				CLANG_WARN_UNGUARDED_AVAILABILITY = YES_AGGRESSIVE;
				CLANG_WARN_UNREACHABLE_CODE = YES;
				CLANG_WARN__DUPLICATE_METHOD_MATCH = YES;
				COPY_PHASE_STRIP = NO;
				DEBUG_INFORMATION_FORMAT = "dwarf-with-dsym";
				ENABLE_NS_ASSERTIONS = NO;
				ENABLE_STRICT_OBJC_MSGSEND = YES;
				GCC_C_LANGUAGE_STANDARD = gnu11;
				GCC_NO_COMMON_BLOCKS = YES;
				GCC_WARN_64_TO_32_BIT_CONVERSION = YES;
				GCC_WARN_ABOUT_RETURN_TYPE = YES_ERROR;
				GCC_WARN_UNDECLARED_SELECTOR = YES;
				GCC_WARN_UNINITIALIZED_AUTOS = YES_AGGRESSIVE;
				GCC_WARN_UNUSED_FUNCTION = YES;
				GCC_WARN_UNUSED_VARIABLE = YES;
				IPHONEOS_DEPLOYMENT_TARGET = 15.2;
				MTL_ENABLE_DEBUG_INFO = NO;
				MTL_FAST_MATH = YES;
				SDKROOT = iphoneos;
				SWIFT_COMPILATION_MODE = wholemodule;
				SWIFT_OPTIMIZATION_LEVEL = "-O";
				VALIDATE_PRODUCT = YES;
			};
			name = Release;
		};
		0E8218DD27BC8B24008EFA9E /* Debug */ = {
			isa = XCBuildConfiguration;
			buildSettings = {
				ASSETCATALOG_COMPILER_APPICON_NAME = AppIcon;
				ASSETCATALOG_COMPILER_GLOBAL_ACCENT_COLOR_NAME = AccentColor;
				CODE_SIGN_STYLE = Automatic;
				CURRENT_PROJECT_VERSION = 1;
				DEVELOPMENT_ASSET_PATHS = "\"SwiftTips/Preview Content\"";
				DEVELOPMENT_TEAM = R6YNJ9HW8W;
				ENABLE_BITCODE = YES;
				ENABLE_PREVIEWS = YES;
				GENERATE_INFOPLIST_FILE = YES;
				INFOPLIST_KEY_UIApplicationSceneManifest_Generation = YES;
				INFOPLIST_KEY_UIApplicationSupportsIndirectInputEvents = YES;
				INFOPLIST_KEY_UILaunchScreen_Generation = YES;
				INFOPLIST_KEY_UISupportedInterfaceOrientations_iPad = "UIInterfaceOrientationPortrait UIInterfaceOrientationPortraitUpsideDown UIInterfaceOrientationLandscapeLeft UIInterfaceOrientationLandscapeRight";
				INFOPLIST_KEY_UISupportedInterfaceOrientations_iPhone = "UIInterfaceOrientationPortrait UIInterfaceOrientationLandscapeLeft UIInterfaceOrientationLandscapeRight";
				IPHONEOS_DEPLOYMENT_TARGET = 15.0;
				LD_RUNPATH_SEARCH_PATHS = (
					"$(inherited)",
					"@executable_path/Frameworks",
				);
				MARKETING_VERSION = 1.0;
				OTHER_LDFLAGS = "";
				PRODUCT_BUNDLE_IDENTIFIER = "com.k-aoki.SwiftTips";
				PRODUCT_NAME = "$(TARGET_NAME)";
				SWIFT_EMIT_LOC_STRINGS = YES;
				SWIFT_VERSION = 5.0;
				TARGETED_DEVICE_FAMILY = 1;
			};
			name = Debug;
		};
		0E8218DE27BC8B24008EFA9E /* Release */ = {
			isa = XCBuildConfiguration;
			buildSettings = {
				ASSETCATALOG_COMPILER_APPICON_NAME = AppIcon;
				ASSETCATALOG_COMPILER_GLOBAL_ACCENT_COLOR_NAME = AccentColor;
				CODE_SIGN_STYLE = Automatic;
				CURRENT_PROJECT_VERSION = 1;
				DEVELOPMENT_ASSET_PATHS = "\"SwiftTips/Preview Content\"";
				DEVELOPMENT_TEAM = R6YNJ9HW8W;
				ENABLE_BITCODE = YES;
				ENABLE_PREVIEWS = YES;
				GENERATE_INFOPLIST_FILE = YES;
				INFOPLIST_KEY_UIApplicationSceneManifest_Generation = YES;
				INFOPLIST_KEY_UIApplicationSupportsIndirectInputEvents = YES;
				INFOPLIST_KEY_UILaunchScreen_Generation = YES;
				INFOPLIST_KEY_UISupportedInterfaceOrientations_iPad = "UIInterfaceOrientationPortrait UIInterfaceOrientationPortraitUpsideDown UIInterfaceOrientationLandscapeLeft UIInterfaceOrientationLandscapeRight";
				INFOPLIST_KEY_UISupportedInterfaceOrientations_iPhone = "UIInterfaceOrientationPortrait UIInterfaceOrientationLandscapeLeft UIInterfaceOrientationLandscapeRight";
				IPHONEOS_DEPLOYMENT_TARGET = 15.0;
				LD_RUNPATH_SEARCH_PATHS = (
					"$(inherited)",
					"@executable_path/Frameworks",
				);
				MARKETING_VERSION = 1.0;
				PRODUCT_BUNDLE_IDENTIFIER = "com.k-aoki.SwiftTips";
				PRODUCT_NAME = "$(TARGET_NAME)";
				SWIFT_EMIT_LOC_STRINGS = YES;
				SWIFT_VERSION = 5.0;
				TARGETED_DEVICE_FAMILY = 1;
			};
			name = Release;
		};
/* End XCBuildConfiguration section */

/* Begin XCConfigurationList section */
		0E8218C927BC8B21008EFA9E /* Build configuration list for PBXProject "SwiftTips" */ = {
			isa = XCConfigurationList;
			buildConfigurations = (
				0E8218DA27BC8B24008EFA9E /* Debug */,
				0E8218DB27BC8B24008EFA9E /* Release */,
			);
			defaultConfigurationIsVisible = 0;
			defaultConfigurationName = Release;
		};
		0E8218DC27BC8B24008EFA9E /* Build configuration list for PBXNativeTarget "SwiftTips" */ = {
			isa = XCConfigurationList;
			buildConfigurations = (
				0E8218DD27BC8B24008EFA9E /* Debug */,
				0E8218DE27BC8B24008EFA9E /* Release */,
			);
			defaultConfigurationIsVisible = 0;
			defaultConfigurationName = Release;
		};
/* End XCConfigurationList section */
	};
	rootObject = 0E8218C627BC8B21008EFA9E /* Project object */;
}
